
Microsoft Visual Studio Solution File, Format Version 12.00
# Visual Studio Version 17
VisualStudioVersion = 17.9.34622.214
MinimumVisualStudioVersion = 10.0.40219.1
Project("{FAE04EC0-301F-11D3-BF4B-00C04F79EFBC}") = "CleanArchMvc.Domain", "CleanArchMvc.Domain\CleanArchMvc.Domain.csproj", "{158ACA6F-5C6D-4B8B-98D7-859565AE06F9}"
EndProject
Project("{FAE04EC0-301F-11D3-BF4B-00C04F79EFBC}") = "CleanArchMvc.Application", "CleanArchMvc.Application\CleanArchMvc.Application.csproj", "{69D40C09-EA29-40B2-BC5F-5A8FD6657502}"
EndProject
Project("{FAE04EC0-301F-11D3-BF4B-00C04F79EFBC}") = "CleanArchMvc.Infra.Data", "CleanArchMvc.Infra.Data\CleanArchMvc.Infra.Data.csproj", "{0F0E1F6D-3DD0-4257-820E-E85A20FAA4EE}"
EndProject
Project("{FAE04EC0-301F-11D3-BF4B-00C04F79EFBC}") = "CleanArchMvc.Infra.IoC", "CleanArchMvc.Infra.IoC\CleanArchMvc.Infra.IoC.csproj", "{BA1092D9-563A-4917-A99C-FC98576D3B08}"
EndProject
Project("{FAE04EC0-301F-11D3-BF4B-00C04F79EFBC}") = "CleanArchMvc.WebUI", "CleanArchMvc.WebUI\CleanArchMvc.WebUI.csproj", "{1CDF3209-CB00-4711-9A76-4D19216D2E57}"
EndProject
Project("{FAE04EC0-301F-11D3-BF4B-00C04F79EFBC}") = "CleanArchMvc.Domain.Tests", "CleanArchMvc.Domain.Tests\CleanArchMvc.Domain.Tests.csproj", "{F24E0BA2-D7E7-4CFF-93C8-DC8DBA141582}"
EndProject
Global
	GlobalSection(SolutionConfigurationPlatforms) = preSolution
		Debug|Any CPU = Debug|Any CPU
		Release|Any CPU = Release|Any CPU
	EndGlobalSection
	GlobalSection(ProjectConfigurationPlatforms) = postSolution
		{158ACA6F-5C6D-4B8B-98D7-859565AE06F9}.Debug|Any CPU.ActiveCfg = Debug|Any CPU
		{158ACA6F-5C6D-4B8B-98D7-859565AE06F9}.Debug|Any CPU.Build.0 = Debug|Any CPU
		{158ACA6F-5C6D-4B8B-98D7-859565AE06F9}.Release|Any CPU.ActiveCfg = Release|Any CPU
		{158ACA6F-5C6D-4B8B-98D7-859565AE06F9}.Release|Any CPU.Build.0 = Release|Any CPU
		{69D40C09-EA29-40B2-BC5F-5A8FD6657502}.Debug|Any CPU.ActiveCfg = Debug|Any CPU
		{69D40C09-EA29-40B2-BC5F-5A8FD6657502}.Debug|Any CPU.Build.0 = Debug|Any CPU
		{69D40C09-EA29-40B2-BC5F-5A8FD6657502}.Release|Any CPU.ActiveCfg = Release|Any CPU
		{69D40C09-EA29-40B2-BC5F-5A8FD6657502}.Release|Any CPU.Build.0 = Release|Any CPU
		{0F0E1F6D-3DD0-4257-820E-E85A20FAA4EE}.Debug|Any CPU.ActiveCfg = Debug|Any CPU
		{0F0E1F6D-3DD0-4257-820E-E85A20FAA4EE}.Debug|Any CPU.Build.0 = Debug|Any CPU
		{0F0E1F6D-3DD0-4257-820E-E85A20FAA4EE}.Release|Any CPU.ActiveCfg = Release|Any CPU
		{0F0E1F6D-3DD0-4257-820E-E85A20FAA4EE}.Release|Any CPU.Build.0 = Release|Any CPU
		{BA1092D9-563A-4917-A99C-FC98576D3B08}.Debug|Any CPU.ActiveCfg = Debug|Any CPU
		{BA1092D9-563A-4917-A99C-FC98576D3B08}.Debug|Any CPU.Build.0 = Debug|Any CPU
		{BA1092D9-563A-4917-A99C-FC98576D3B08}.Release|Any CPU.ActiveCfg = Release|Any CPU
		{BA1092D9-563A-4917-A99C-FC98576D3B08}.Release|Any CPU.Build.0 = Release|Any CPU
		{1CDF3209-CB00-4711-9A76-4D19216D2E57}.Debug|Any CPU.ActiveCfg = Debug|Any CPU
		{1CDF3209-CB00-4711-9A76-4D19216D2E57}.Debug|Any CPU.Build.0 = Debug|Any CPU
		{1CDF3209-CB00-4711-9A76-4D19216D2E57}.Release|Any CPU.ActiveCfg = Release|Any CPU
		{1CDF3209-CB00-4711-9A76-4D19216D2E57}.Release|Any CPU.Build.0 = Release|Any CPU
		{F24E0BA2-D7E7-4CFF-93C8-DC8DBA141582}.Debug|Any CPU.ActiveCfg = Debug|Any CPU
		{F24E0BA2-D7E7-4CFF-93C8-DC8DBA141582}.Debug|Any CPU.Build.0 = Debug|Any CPU
		{F24E0BA2-D7E7-4CFF-93C8-DC8DBA141582}.Release|Any CPU.ActiveCfg = Release|Any CPU
		{F24E0BA2-D7E7-4CFF-93C8-DC8DBA141582}.Release|Any CPU.Build.0 = Release|Any CPU
	EndGlobalSection
	GlobalSection(SolutionProperties) = preSolution
		HideSolutionNode = FALSE
	EndGlobalSection
	GlobalSection(ExtensibilityGlobals) = postSolution
		SolutionGuid = {2DE46490-9E22-41A9-82F3-E027972C4AC0}
	EndGlobalSection
EndGlobal
